
Microsoft Visual Studio Solution File, Format Version 12.00
# Visual Studio 15
VisualStudioVersion = 15.0.27004.2010
MinimumVisualStudioVersion = 10.0.40219.1
Project("{FAE04EC0-301F-11D3-BF4B-00C04F79EFBC}") = "RFI.LazarusJokes.Services", "RFI.LazarusJokes.Services\RFI.LazarusJokes.Services.csproj", "{8EF87402-6E78-494D-86F9-2F59F0AD0DA6}"
EndProject
Project("{FAE04EC0-301F-11D3-BF4B-00C04F79EFBC}") = "RFI.LazarusJokes.Web_old", "RFI.LazarusJokes.Web_old\RFI.LazarusJokes.Web_old.csproj", "{5ADA791C-1608-40A6-A63F-A35C77B4480D}"
EndProject
Project("{9A19103F-16F7-4668-BE54-9A1E7A4F7556}") = "RFI.LazarusJokes.Web", "RFI.LazarusJokes.Web\RFI.LazarusJokes.Web.csproj", "{07004C53-B237-4341-85B9-829F131F65DF}"
EndProject
Global
	GlobalSection(SolutionConfigurationPlatforms) = preSolution
		Debug|Any CPU = Debug|Any CPU
		Release|Any CPU = Release|Any CPU
	EndGlobalSection
	GlobalSection(ProjectConfigurationPlatforms) = postSolution
		{8EF87402-6E78-494D-86F9-2F59F0AD0DA6}.Debug|Any CPU.ActiveCfg = Debug|Any CPU
		{8EF87402-6E78-494D-86F9-2F59F0AD0DA6}.Debug|Any CPU.Build.0 = Debug|Any CPU
		{8EF87402-6E78-494D-86F9-2F59F0AD0DA6}.Release|Any CPU.ActiveCfg = Release|Any CPU
		{8EF87402-6E78-494D-86F9-2F59F0AD0DA6}.Release|Any CPU.Build.0 = Release|Any CPU
		{5ADA791C-1608-40A6-A63F-A35C77B4480D}.Debug|Any CPU.ActiveCfg = Debug|Any CPU
		{5ADA791C-1608-40A6-A63F-A35C77B4480D}.Debug|Any CPU.Build.0 = Debug|Any CPU
		{5ADA791C-1608-40A6-A63F-A35C77B4480D}.Release|Any CPU.ActiveCfg = Release|Any CPU
		{5ADA791C-1608-40A6-A63F-A35C77B4480D}.Release|Any CPU.Build.0 = Release|Any CPU
		{07004C53-B237-4341-85B9-829F131F65DF}.Debug|Any CPU.ActiveCfg = Debug|Any CPU
		{07004C53-B237-4341-85B9-829F131F65DF}.Debug|Any CPU.Build.0 = Debug|Any CPU
		{07004C53-B237-4341-85B9-829F131F65DF}.Release|Any CPU.ActiveCfg = Release|Any CPU
		{07004C53-B237-4341-85B9-829F131F65DF}.Release|Any CPU.Build.0 = Release|Any CPU
	EndGlobalSection
	GlobalSection(SolutionProperties) = preSolution
		HideSolutionNode = FALSE
	EndGlobalSection
	GlobalSection(ExtensibilityGlobals) = postSolution
		SolutionGuid = {913FEAF1-2C5C-4339-9A05-42902B123599}
	EndGlobalSection
EndGlobal
